
Microsoft Visual Studio Solution File, Format Version 12.00
Project("{2150E333-8FDC-42A3-9474-1A3956D46DE8}") = "Core", "Core", "{CC79E82E-0ED3-4464-82FD-1A1D7368BDDB}"
EndProject
Project("{2150E333-8FDC-42A3-9474-1A3956D46DE8}") = "Command", "Command", "{BC1B119C-134C-4071-A8DD-EA517F4F24FC}"
EndProject
Project("{2150E333-8FDC-42A3-9474-1A3956D46DE8}") = "Query", "Query", "{230A92B0-0858-4F03-96E2-8EA82CEC0985}"
EndProject
Project("{FAE04EC0-301F-11D3-BF4B-00C04F79EFBC}") = "CQRS.Command.Api", "src\Command\CQRS.Command.Api\CQRS.Command.Api.csproj", "{220296AB-2952-41A9-9E20-9FEB7961B55B}"
EndProject
Project("{FAE04EC0-301F-11D3-BF4B-00C04F79EFBC}") = "CQRS.Commnad.Domain", "src\Command\CQRS.Commnad.Domain\CQRS.Commnad.Domain.csproj", "{732845D7-D987-4744-93EE-2DF7B0BFCBCB}"
EndProject
Project("{FAE04EC0-301F-11D3-BF4B-00C04F79EFBC}") = "CQRS.Command.Infrastructure", "src\Command\CQRS.Command.Infrastructure\CQRS.Command.Infrastructure.csproj", "{ACA6633A-9DD3-4DD7-9CC7-FDEF1871F42A}"
EndProject
Project("{FAE04EC0-301F-11D3-BF4B-00C04F79EFBC}") = "CQRS.Query.Domain", "src\Query\CQRS.Query.Domain\CQRS.Query.Domain.csproj", "{F7BDA989-6B23-4E46-A659-AD48924DBEC6}"
EndProject
Project("{FAE04EC0-301F-11D3-BF4B-00C04F79EFBC}") = "CQRS.Query.Api", "src\Query\CQRS.Query.Api\CQRS.Query.Api.csproj", "{C5545369-C6EB-4115-A68B-F3745F738620}"
EndProject
Project("{FAE04EC0-301F-11D3-BF4B-00C04F79EFBC}") = "CQRS.Query.Infrastructure", "src\Query\CQRS.Query.Infrastructure\CQRS.Query.Infrastructure.csproj", "{219D7AF4-A965-455F-9463-EE53AC7C7244}"
EndProject
Project("{FAE04EC0-301F-11D3-BF4B-00C04F79EFBC}") = "CQRS.Core", "src\Core\CQRS.Core\CQRS.Core.csproj", "{5AE51A1D-B15F-4582-B89D-C1B00DFE87C8}"
EndProject
Global
	GlobalSection(SolutionConfigurationPlatforms) = preSolution
		Debug|Any CPU = Debug|Any CPU
		Release|Any CPU = Release|Any CPU
	EndGlobalSection
	GlobalSection(NestedProjects) = preSolution
		{220296AB-2952-41A9-9E20-9FEB7961B55B} = {BC1B119C-134C-4071-A8DD-EA517F4F24FC}
		{732845D7-D987-4744-93EE-2DF7B0BFCBCB} = {BC1B119C-134C-4071-A8DD-EA517F4F24FC}
		{ACA6633A-9DD3-4DD7-9CC7-FDEF1871F42A} = {BC1B119C-134C-4071-A8DD-EA517F4F24FC}
		{F7BDA989-6B23-4E46-A659-AD48924DBEC6} = {230A92B0-0858-4F03-96E2-8EA82CEC0985}
		{C5545369-C6EB-4115-A68B-F3745F738620} = {230A92B0-0858-4F03-96E2-8EA82CEC0985}
		{219D7AF4-A965-455F-9463-EE53AC7C7244} = {230A92B0-0858-4F03-96E2-8EA82CEC0985}
		{5AE51A1D-B15F-4582-B89D-C1B00DFE87C8} = {CC79E82E-0ED3-4464-82FD-1A1D7368BDDB}
	EndGlobalSection
	GlobalSection(ProjectConfigurationPlatforms) = postSolution
		{220296AB-2952-41A9-9E20-9FEB7961B55B}.Debug|Any CPU.ActiveCfg = Debug|Any CPU
		{220296AB-2952-41A9-9E20-9FEB7961B55B}.Debug|Any CPU.Build.0 = Debug|Any CPU
		{220296AB-2952-41A9-9E20-9FEB7961B55B}.Release|Any CPU.ActiveCfg = Release|Any CPU
		{220296AB-2952-41A9-9E20-9FEB7961B55B}.Release|Any CPU.Build.0 = Release|Any CPU
		{732845D7-D987-4744-93EE-2DF7B0BFCBCB}.Debug|Any CPU.ActiveCfg = Debug|Any CPU
		{732845D7-D987-4744-93EE-2DF7B0BFCBCB}.Debug|Any CPU.Build.0 = Debug|Any CPU
		{732845D7-D987-4744-93EE-2DF7B0BFCBCB}.Release|Any CPU.ActiveCfg = Release|Any CPU
		{732845D7-D987-4744-93EE-2DF7B0BFCBCB}.Release|Any CPU.Build.0 = Release|Any CPU
		{ACA6633A-9DD3-4DD7-9CC7-FDEF1871F42A}.Debug|Any CPU.ActiveCfg = Debug|Any CPU
		{ACA6633A-9DD3-4DD7-9CC7-FDEF1871F42A}.Debug|Any CPU.Build.0 = Debug|Any CPU
		{ACA6633A-9DD3-4DD7-9CC7-FDEF1871F42A}.Release|Any CPU.ActiveCfg = Release|Any CPU
		{ACA6633A-9DD3-4DD7-9CC7-FDEF1871F42A}.Release|Any CPU.Build.0 = Release|Any CPU
		{F7BDA989-6B23-4E46-A659-AD48924DBEC6}.Debug|Any CPU.ActiveCfg = Debug|Any CPU
		{F7BDA989-6B23-4E46-A659-AD48924DBEC6}.Debug|Any CPU.Build.0 = Debug|Any CPU
		{F7BDA989-6B23-4E46-A659-AD48924DBEC6}.Release|Any CPU.ActiveCfg = Release|Any CPU
		{F7BDA989-6B23-4E46-A659-AD48924DBEC6}.Release|Any CPU.Build.0 = Release|Any CPU
		{C5545369-C6EB-4115-A68B-F3745F738620}.Debug|Any CPU.ActiveCfg = Debug|Any CPU
		{C5545369-C6EB-4115-A68B-F3745F738620}.Debug|Any CPU.Build.0 = Debug|Any CPU
		{C5545369-C6EB-4115-A68B-F3745F738620}.Release|Any CPU.ActiveCfg = Release|Any CPU
		{C5545369-C6EB-4115-A68B-F3745F738620}.Release|Any CPU.Build.0 = Release|Any CPU
		{219D7AF4-A965-455F-9463-EE53AC7C7244}.Debug|Any CPU.ActiveCfg = Debug|Any CPU
		{219D7AF4-A965-455F-9463-EE53AC7C7244}.Debug|Any CPU.Build.0 = Debug|Any CPU
		{219D7AF4-A965-455F-9463-EE53AC7C7244}.Release|Any CPU.ActiveCfg = Release|Any CPU
		{219D7AF4-A965-455F-9463-EE53AC7C7244}.Release|Any CPU.Build.0 = Release|Any CPU
		{5AE51A1D-B15F-4582-B89D-C1B00DFE87C8}.Debug|Any CPU.ActiveCfg = Debug|Any CPU
		{5AE51A1D-B15F-4582-B89D-C1B00DFE87C8}.Debug|Any CPU.Build.0 = Debug|Any CPU
		{5AE51A1D-B15F-4582-B89D-C1B00DFE87C8}.Release|Any CPU.ActiveCfg = Release|Any CPU
		{5AE51A1D-B15F-4582-B89D-C1B00DFE87C8}.Release|Any CPU.Build.0 = Release|Any CPU
	EndGlobalSection
EndGlobal
